
Microsoft Visual Studio Solution File, Format Version 12.00
# Visual Studio Version 17
VisualStudioVersion = 17.0.31903.59
MinimumVisualStudioVersion = 10.0.40219.1
Project("{FAE04EC0-301F-11D3-BF4B-00C04F79EFBC}") = "Web.API", "Web.API\Web.API.csproj", "{27225D50-1814-4EFB-82FA-3ED0EE96FA7B}"
EndProject
Project("{FAE04EC0-301F-11D3-BF4B-00C04F79EFBC}") = "Application", "Application\Application.csproj", "{867E95D8-6006-4D3A-A09D-BD89A20093CC}"
EndProject
Project("{FAE04EC0-301F-11D3-BF4B-00C04F79EFBC}") = "Infrastructure", "Infrastructure\Infrastructure.csproj", "{A59E1141-DD22-4E41-8BD7-82C4D16F1F0D}"
EndProject
Project("{FAE04EC0-301F-11D3-BF4B-00C04F79EFBC}") = "Domain", "Domain\Domain.csproj", "{B804DA50-00C6-42E7-9237-D0DF13BE23DA}"
EndProject
Global
	GlobalSection(SolutionConfigurationPlatforms) = preSolution
		Debug|Any CPU = Debug|Any CPU
		Release|Any CPU = Release|Any CPU
	EndGlobalSection
	GlobalSection(SolutionProperties) = preSolution
		HideSolutionNode = FALSE
	EndGlobalSection
	GlobalSection(ProjectConfigurationPlatforms) = postSolution
		{27225D50-1814-4EFB-82FA-3ED0EE96FA7B}.Debug|Any CPU.ActiveCfg = Debug|Any CPU
		{27225D50-1814-4EFB-82FA-3ED0EE96FA7B}.Debug|Any CPU.Build.0 = Debug|Any CPU
		{27225D50-1814-4EFB-82FA-3ED0EE96FA7B}.Release|Any CPU.ActiveCfg = Release|Any CPU
		{27225D50-1814-4EFB-82FA-3ED0EE96FA7B}.Release|Any CPU.Build.0 = Release|Any CPU
		{867E95D8-6006-4D3A-A09D-BD89A20093CC}.Debug|Any CPU.ActiveCfg = Debug|Any CPU
		{867E95D8-6006-4D3A-A09D-BD89A20093CC}.Debug|Any CPU.Build.0 = Debug|Any CPU
		{867E95D8-6006-4D3A-A09D-BD89A20093CC}.Release|Any CPU.ActiveCfg = Release|Any CPU
		{867E95D8-6006-4D3A-A09D-BD89A20093CC}.Release|Any CPU.Build.0 = Release|Any CPU
		{A59E1141-DD22-4E41-8BD7-82C4D16F1F0D}.Debug|Any CPU.ActiveCfg = Debug|Any CPU
		{A59E1141-DD22-4E41-8BD7-82C4D16F1F0D}.Debug|Any CPU.Build.0 = Debug|Any CPU
		{A59E1141-DD22-4E41-8BD7-82C4D16F1F0D}.Release|Any CPU.ActiveCfg = Release|Any CPU
		{A59E1141-DD22-4E41-8BD7-82C4D16F1F0D}.Release|Any CPU.Build.0 = Release|Any CPU
		{B804DA50-00C6-42E7-9237-D0DF13BE23DA}.Debug|Any CPU.ActiveCfg = Debug|Any CPU
		{B804DA50-00C6-42E7-9237-D0DF13BE23DA}.Debug|Any CPU.Build.0 = Debug|Any CPU
		{B804DA50-00C6-42E7-9237-D0DF13BE23DA}.Release|Any CPU.ActiveCfg = Release|Any CPU
		{B804DA50-00C6-42E7-9237-D0DF13BE23DA}.Release|Any CPU.Build.0 = Release|Any CPU
	EndGlobalSection
EndGlobal
